// !$*UTF8*$!
{
	archiveVersion = 1;
	classes = {
	};
	objectVersion = 50;
	objects = {

/* Begin PBXBuildFile section */
		0870800325C0836200C2F36F /* AppDelegate.swift in Sources */ = {isa = PBXBuildFile; fileRef = 0870800225C0836200C2F36F /* AppDelegate.swift */; };
		0870800525C0836200C2F36F /* SceneDelegate.swift in Sources */ = {isa = PBXBuildFile; fileRef = 0870800425C0836200C2F36F /* SceneDelegate.swift */; };
		0870800725C0836200C2F36F /* ViewController.swift in Sources */ = {isa = PBXBuildFile; fileRef = 0870800625C0836200C2F36F /* ViewController.swift */; };
		0870800A25C0836200C2F36F /* Main.storyboard in Resources */ = {isa = PBXBuildFile; fileRef = 0870800825C0836200C2F36F /* Main.storyboard */; };
		0870800C25C0836300C2F36F /* Assets.xcassets in Resources */ = {isa = PBXBuildFile; fileRef = 0870800B25C0836300C2F36F /* Assets.xcassets */; };
		0870800F25C0836300C2F36F /* LaunchScreen.storyboard in Resources */ = {isa = PBXBuildFile; fileRef = 0870800D25C0836300C2F36F /* LaunchScreen.storyboard */; };
		0870801A25C0836400C2F36F /* coinflipTests.swift in Sources */ = {isa = PBXBuildFile; fileRef = 0870801925C0836400C2F36F /* coinflipTests.swift */; };
		0870802525C0836400C2F36F /* coinflipUITests.swift in Sources */ = {isa = PBXBuildFile; fileRef = 0870802425C0836400C2F36F /* coinflipUITests.swift */; };
/* End PBXBuildFile section */

/* Begin PBXContainerItemProxy section */
		0870801625C0836400C2F36F /* PBXContainerItemProxy */ = {
			isa = PBXContainerItemProxy;
			containerPortal = 08707FF725C0836100C2F36F /* Project object */;
			proxyType = 1;
			remoteGlobalIDString = 08707FFE25C0836200C2F36F;
			remoteInfo = coinflip;
		};
		0870802125C0836400C2F36F /* PBXContainerItemProxy */ = {
			isa = PBXContainerItemProxy;
			containerPortal = 08707FF725C0836100C2F36F /* Project object */;
			proxyType = 1;
			remoteGlobalIDString = 08707FFE25C0836200C2F36F;
			remoteInfo = coinflip;
		};
/* End PBXContainerItemProxy section */

/* Begin PBXFileReference section */
		08707FFF25C0836200C2F36F /* coinflip.app */ = {isa = PBXFileReference; explicitFileType = wrapper.application; includeInIndex = 0; path = coinflip.app; sourceTree = BUILT_PRODUCTS_DIR; };
		0870800225C0836200C2F36F /* AppDelegate.swift */ = {isa = PBXFileReference; lastKnownFileType = sourcecode.swift; path = AppDelegate.swift; sourceTree = "<group>"; };
		0870800425C0836200C2F36F /* SceneDelegate.swift */ = {isa = PBXFileReference; lastKnownFileType = sourcecode.swift; path = SceneDelegate.swift; sourceTree = "<group>"; };
		0870800625C0836200C2F36F /* ViewController.swift */ = {isa = PBXFileReference; lastKnownFileType = sourcecode.swift; path = ViewController.swift; sourceTree = "<group>"; };
		0870800925C0836200C2F36F /* Base */ = {isa = PBXFileReference; lastKnownFileType = file.storyboard; name = Base; path = Base.lproj/Main.storyboard; sourceTree = "<group>"; };
		0870800B25C0836300C2F36F /* Assets.xcassets */ = {isa = PBXFileReference; lastKnownFileType = folder.assetcatalog; path = Assets.xcassets; sourceTree = "<group>"; };
		0870800E25C0836300C2F36F /* Base */ = {isa = PBXFileReference; lastKnownFileType = file.storyboard; name = Base; path = Base.lproj/LaunchScreen.storyboard; sourceTree = "<group>"; };
		0870801025C0836300C2F36F /* Info.plist */ = {isa = PBXFileReference; lastKnownFileType = text.plist.xml; path = Info.plist; sourceTree = "<group>"; };
		0870801525C0836400C2F36F /* coinflipTests.xctest */ = {isa = PBXFileReference; explicitFileType = wrapper.cfbundle; includeInIndex = 0; path = coinflipTests.xctest; sourceTree = BUILT_PRODUCTS_DIR; };
		0870801925C0836400C2F36F /* coinflipTests.swift */ = {isa = PBXFileReference; lastKnownFileType = sourcecode.swift; path = coinflipTests.swift; sourceTree = "<group>"; };
		0870801B25C0836400C2F36F /* Info.plist */ = {isa = PBXFileReference; lastKnownFileType = text.plist.xml; path = Info.plist; sourceTree = "<group>"; };
		0870802025C0836400C2F36F /* coinflipUITests.xctest */ = {isa = PBXFileReference; explicitFileType = wrapper.cfbundle; includeInIndex = 0; path = coinflipUITests.xctest; sourceTree = BUILT_PRODUCTS_DIR; };
		0870802425C0836400C2F36F /* coinflipUITests.swift */ = {isa = PBXFileReference; lastKnownFileType = sourcecode.swift; path = coinflipUITests.swift; sourceTree = "<group>"; };
		0870802625C0836400C2F36F /* Info.plist */ = {isa = PBXFileReference; lastKnownFileType = text.plist.xml; path = Info.plist; sourceTree = "<group>"; };
/* End PBXFileReference section */

/* Begin PBXFrameworksBuildPhase section */
		08707FFC25C0836200C2F36F /* Frameworks */ = {
			isa = PBXFrameworksBuildPhase;
			buildActionMask = 2147483647;
			files = (
			);
			runOnlyForDeploymentPostprocessing = 0;
		};
		0870801225C0836400C2F36F /* Frameworks */ = {
			isa = PBXFrameworksBuildPhase;
			buildActionMask = 2147483647;
			files = (
			);
			runOnlyForDeploymentPostprocessing = 0;
		};
		0870801D25C0836400C2F36F /* Frameworks */ = {
			isa = PBXFrameworksBuildPhase;
			buildActionMask = 2147483647;
			files = (
			);
			runOnlyForDeploymentPostprocessing = 0;
		};
/* End PBXFrameworksBuildPhase section */

/* Begin PBXGroup section */
		08707FF625C0836100C2F36F = {
			isa = PBXGroup;
			children = (
				0870800125C0836200C2F36F /* coinflip */,
				0870801825C0836400C2F36F /* coinflipTests */,
				0870802325C0836400C2F36F /* coinflipUITests */,
				0870800025C0836200C2F36F /* Products */,
			);
			sourceTree = "<group>";
		};
		0870800025C0836200C2F36F /* Products */ = {
			isa = PBXGroup;
			children = (
				08707FFF25C0836200C2F36F /* coinflip.app */,
				0870801525C0836400C2F36F /* coinflipTests.xctest */,
				0870802025C0836400C2F36F /* coinflipUITests.xctest */,
			);
			name = Products;
			sourceTree = "<group>";
		};
		0870800125C0836200C2F36F /* coinflip */ = {
			isa = PBXGroup;
			children = (
				0870800225C0836200C2F36F /* AppDelegate.swift */,
				0870800425C0836200C2F36F /* SceneDelegate.swift */,
				0870800625C0836200C2F36F /* ViewController.swift */,
				0870800825C0836200C2F36F /* Main.storyboard */,
				0870800B25C0836300C2F36F /* Assets.xcassets */,
				0870800D25C0836300C2F36F /* LaunchScreen.storyboard */,
				0870801025C0836300C2F36F /* Info.plist */,
			);
			path = coinflip;
			sourceTree = "<group>";
		};
		0870801825C0836400C2F36F /* coinflipTests */ = {
			isa = PBXGroup;
			children = (
				0870801925C0836400C2F36F /* coinflipTests.swift */,
				0870801B25C0836400C2F36F /* Info.plist */,
			);
			path = coinflipTests;
			sourceTree = "<group>";
		};
		0870802325C0836400C2F36F /* coinflipUITests */ = {
			isa = PBXGroup;
			children = (
				0870802425C0836400C2F36F /* coinflipUITests.swift */,
				0870802625C0836400C2F36F /* Info.plist */,
			);
			path = coinflipUITests;
			sourceTree = "<group>";
		};
/* End PBXGroup section */

/* Begin PBXNativeTarget section */
		08707FFE25C0836200C2F36F /* coinflip */ = {
			isa = PBXNativeTarget;
			buildConfigurationList = 0870802925C0836400C2F36F /* Build configuration list for PBXNativeTarget "coinflip" */;
			buildPhases = (
				08707FFB25C0836200C2F36F /* Sources */,
				08707FFC25C0836200C2F36F /* Frameworks */,
				08707FFD25C0836200C2F36F /* Resources */,
			);
			buildRules = (
			);
			dependencies = (
			);
			name = coinflip;
			productName = coinflip;
			productReference = 08707FFF25C0836200C2F36F /* coinflip.app */;
			productType = "com.apple.product-type.application";
		};
		0870801425C0836400C2F36F /* coinflipTests */ = {
			isa = PBXNativeTarget;
			buildConfigurationList = 0870802C25C0836400C2F36F /* Build configuration list for PBXNativeTarget "coinflipTests" */;
			buildPhases = (
				0870801125C0836400C2F36F /* Sources */,
				0870801225C0836400C2F36F /* Frameworks */,
				0870801325C0836400C2F36F /* Resources */,
			);
			buildRules = (
			);
			dependencies = (
				0870801725C0836400C2F36F /* PBXTargetDependency */,
			);
			name = coinflipTests;
			productName = coinflipTests;
			productReference = 0870801525C0836400C2F36F /* coinflipTests.xctest */;
			productType = "com.apple.product-type.bundle.unit-test";
		};
		0870801F25C0836400C2F36F /* coinflipUITests */ = {
			isa = PBXNativeTarget;
			buildConfigurationList = 0870802F25C0836400C2F36F /* Build configuration list for PBXNativeTarget "coinflipUITests" */;
			buildPhases = (
				0870801C25C0836400C2F36F /* Sources */,
				0870801D25C0836400C2F36F /* Frameworks */,
				0870801E25C0836400C2F36F /* Resources */,
			);
			buildRules = (
			);
			dependencies = (
				0870802225C0836400C2F36F /* PBXTargetDependency */,
			);
			name = coinflipUITests;
			productName = coinflipUITests;
			productReference = 0870802025C0836400C2F36F /* coinflipUITests.xctest */;
			productType = "com.apple.product-type.bundle.ui-testing";
		};
/* End PBXNativeTarget section */

/* Begin PBXProject section */
		08707FF725C0836100C2F36F /* Project object */ = {
			isa = PBXProject;
			attributes = {
				LastSwiftUpdateCheck = 1240;
				LastUpgradeCheck = 1240;
				TargetAttributes = {
					08707FFE25C0836200C2F36F = {
						CreatedOnToolsVersion = 12.4;
					};
					0870801425C0836400C2F36F = {
						CreatedOnToolsVersion = 12.4;
						TestTargetID = 08707FFE25C0836200C2F36F;
					};
					0870801F25C0836400C2F36F = {
						CreatedOnToolsVersion = 12.4;
						TestTargetID = 08707FFE25C0836200C2F36F;
					};
				};
			};
			buildConfigurationList = 08707FFA25C0836100C2F36F /* Build configuration list for PBXProject "coinflip" */;
			compatibilityVersion = "Xcode 9.3";
			developmentRegion = en;
			hasScannedForEncodings = 0;
			knownRegions = (
				en,
				Base,
			);
			mainGroup = 08707FF625C0836100C2F36F;
			productRefGroup = 0870800025C0836200C2F36F /* Products */;
			projectDirPath = "";
			projectRoot = "";
			targets = (
				08707FFE25C0836200C2F36F /* coinflip */,
				0870801425C0836400C2F36F /* coinflipTests */,
				0870801F25C0836400C2F36F /* coinflipUITests */,
			);
		};
/* End PBXProject section */

/* Begin PBXResourcesBuildPhase section */
		08707FFD25C0836200C2F36F /* Resources */ = {
			isa = PBXResourcesBuildPhase;
			buildActionMask = 2147483647;
			files = (
				0870800F25C0836300C2F36F /* LaunchScreen.storyboard in Resources */,
				0870800C25C0836300C2F36F /* Assets.xcassets in Resources */,
				0870800A25C0836200C2F36F /* Main.storyboard in Resources */,
			);
			runOnlyForDeploymentPostprocessing = 0;
		};
		0870801325C0836400C2F36F /* Resources */ = {
			isa = PBXResourcesBuildPhase;
			buildActionMask = 2147483647;
			files = (
			);
			runOnlyForDeploymentPostprocessing = 0;
		};
		0870801E25C0836400C2F36F /* Resources */ = {
			isa = PBXResourcesBuildPhase;
			buildActionMask = 2147483647;
			files = (
			);
			runOnlyForDeploymentPostprocessing = 0;
		};
/* End PBXResourcesBuildPhase section */

/* Begin PBXSourcesBuildPhase section */
		08707FFB25C0836200C2F36F /* Sources */ = {
			isa = PBXSourcesBuildPhase;
			buildActionMask = 2147483647;
			files = (
				0870800725C0836200C2F36F /* ViewController.swift in Sources */,
				0870800325C0836200C2F36F /* AppDelegate.swift in Sources */,
				0870800525C0836200C2F36F /* SceneDelegate.swift in Sources */,
			);
			runOnlyForDeploymentPostprocessing = 0;
		};
		0870801125C0836400C2F36F /* Sources */ = {
			isa = PBXSourcesBuildPhase;
			buildActionMask = 2147483647;
			files = (
				0870801A25C0836400C2F36F /* coinflipTests.swift in Sources */,
			);
			runOnlyForDeploymentPostprocessing = 0;
		};
		0870801C25C0836400C2F36F /* Sources */ = {
			isa = PBXSourcesBuildPhase;
			buildActionMask = 2147483647;
			files = (
				0870802525C0836400C2F36F /* coinflipUITests.swift in Sources */,
			);
			runOnlyForDeploymentPostprocessing = 0;
		};
/* End PBXSourcesBuildPhase section */

/* Begin PBXTargetDependency section */
		0870801725C0836400C2F36F /* PBXTargetDependency */ = {
			isa = PBXTargetDependency;
			target = 08707FFE25C0836200C2F36F /* coinflip */;
			targetProxy = 0870801625C0836400C2F36F /* PBXContainerItemProxy */;
		};
		0870802225C0836400C2F36F /* PBXTargetDependency */ = {
			isa = PBXTargetDependency;
			target = 08707FFE25C0836200C2F36F /* coinflip */;
			targetProxy = 0870802125C0836400C2F36F /* PBXContainerItemProxy */;
		};
/* End PBXTargetDependency section */

/* Begin PBXVariantGroup section */
		0870800825C0836200C2F36F /* Main.storyboard */ = {
			isa = PBXVariantGroup;
			children = (
				0870800925C0836200C2F36F /* Base */,
			);
			name = Main.storyboard;
			sourceTree = "<group>";
		};
		0870800D25C0836300C2F36F /* LaunchScreen.storyboard */ = {
			isa = PBXVariantGroup;
			children = (
				0870800E25C0836300C2F36F /* Base */,
			);
			name = LaunchScreen.storyboard;
			sourceTree = "<group>";
		};
/* End PBXVariantGroup section */

/* Begin XCBuildConfiguration section */
		0870802725C0836400C2F36F /* Debug */ = {
			isa = XCBuildConfiguration;
			buildSettings = {
				ALWAYS_SEARCH_USER_PATHS = NO;
				CLANG_ANALYZER_NONNULL = YES;
				CLANG_ANALYZER_NUMBER_OBJECT_CONVERSION = YES_AGGRESSIVE;
				CLANG_CXX_LANGUAGE_STANDARD = "gnu++14";
				CLANG_CXX_LIBRARY = "libc++";
				CLANG_ENABLE_MODULES = YES;
				CLANG_ENABLE_OBJC_ARC = YES;
				CLANG_ENABLE_OBJC_WEAK = YES;
				CLANG_WARN_BLOCK_CAPTURE_AUTORELEASING = YES;
				CLANG_WARN_BOOL_CONVERSION = YES;
				CLANG_WARN_COMMA = YES;
				CLANG_WARN_CONSTANT_CONVERSION = YES;
				CLANG_WARN_DEPRECATED_OBJC_IMPLEMENTATIONS = YES;
				CLANG_WARN_DIRECT_OBJC_ISA_USAGE = YES_ERROR;
				CLANG_WARN_DOCUMENTATION_COMMENTS = YES;
				CLANG_WARN_EMPTY_BODY = YES;
				CLANG_WARN_ENUM_CONVERSION = YES;
				CLANG_WARN_INFINITE_RECURSION = YES;
				CLANG_WARN_INT_CONVERSION = YES;
				CLANG_WARN_NON_LITERAL_NULL_CONVERSION = YES;
				CLANG_WARN_OBJC_IMPLICIT_RETAIN_SELF = YES;
				CLANG_WARN_OBJC_LITERAL_CONVERSION = YES;
				CLANG_WARN_OBJC_ROOT_CLASS = YES_ERROR;
				CLANG_WARN_QUOTED_INCLUDE_IN_FRAMEWORK_HEADER = YES;
				CLANG_WARN_RANGE_LOOP_ANALYSIS = YES;
				CLANG_WARN_STRICT_PROTOTYPES = YES;
				CLANG_WARN_SUSPICIOUS_MOVE = YES;
				CLANG_WARN_UNGUARDED_AVAILABILITY = YES_AGGRESSIVE;
				CLANG_WARN_UNREACHABLE_CODE = YES;
				CLANG_WARN__DUPLICATE_METHOD_MATCH = YES;
				COPY_PHASE_STRIP = NO;
				DEBUG_INFORMATION_FORMAT = dwarf;
				ENABLE_STRICT_OBJC_MSGSEND = YES;
				ENABLE_TESTABILITY = YES;
				GCC_C_LANGUAGE_STANDARD = gnu11;
				GCC_DYNAMIC_NO_PIC = NO;
				GCC_NO_COMMON_BLOCKS = YES;
				GCC_OPTIMIZATION_LEVEL = 0;
				GCC_PREPROCESSOR_DEFINITIONS = (
					"DEBUG=1",
					"$(inherited)",
				);
				GCC_WARN_64_TO_32_BIT_CONVERSION = YES;
				GCC_WARN_ABOUT_RETURN_TYPE = YES_ERROR;
				GCC_WARN_UNDECLARED_SELECTOR = YES;
				GCC_WARN_UNINITIALIZED_AUTOS = YES_AGGRESSIVE;
				GCC_WARN_UNUSED_FUNCTION = YES;
				GCC_WARN_UNUSED_VARIABLE = YES;
				IPHONEOS_DEPLOYMENT_TARGET = 14.4;
				MTL_ENABLE_DEBUG_INFO = INCLUDE_SOURCE;
				MTL_FAST_MATH = YES;
				ONLY_ACTIVE_ARCH = YES;
				SDKROOT = iphoneos;
				SWIFT_ACTIVE_COMPILATION_CONDITIONS = DEBUG;
				SWIFT_OPTIMIZATION_LEVEL = "-Onone";
			};
			name = Debug;
		};
		0870802825C0836400C2F36F /* Release */ = {
			isa = XCBuildConfiguration;
			buildSettings = {
				ALWAYS_SEARCH_USER_PATHS = NO;
				CLANG_ANALYZER_NONNULL = YES;
				CLANG_ANALYZER_NUMBER_OBJECT_CONVERSION = YES_AGGRESSIVE;
				CLANG_CXX_LANGUAGE_STANDARD = "gnu++14";
				CLANG_CXX_LIBRARY = "libc++";
				CLANG_ENABLE_MODULES = YES;
				CLANG_ENABLE_OBJC_ARC = YES;
				CLANG_ENABLE_OBJC_WEAK = YES;
				CLANG_WARN_BLOCK_CAPTURE_AUTORELEASING = YES;
				CLANG_WARN_BOOL_CONVERSION = YES;
				CLANG_WARN_COMMA = YES;
				CLANG_WARN_CONSTANT_CONVERSION = YES;
				CLANG_WARN_DEPRECATED_OBJC_IMPLEMENTATIONS = YES;
				CLANG_WARN_DIRECT_OBJC_ISA_USAGE = YES_ERROR;
				CLANG_WARN_DOCUMENTATION_COMMENTS = YES;
				CLANG_WARN_EMPTY_BODY = YES;
				CLANG_WARN_ENUM_CONVERSION = YES;
				CLANG_WARN_INFINITE_RECURSION = YES;
				CLANG_WARN_INT_CONVERSION = YES;
				CLANG_WARN_NON_LITERAL_NULL_CONVERSION = YES;
				CLANG_WARN_OBJC_IMPLICIT_RETAIN_SELF = YES;
				CLANG_WARN_OBJC_LITERAL_CONVERSION = YES;
				CLANG_WARN_OBJC_ROOT_CLASS = YES_ERROR;
				CLANG_WARN_QUOTED_INCLUDE_IN_FRAMEWORK_HEADER = YES;
				CLANG_WARN_RANGE_LOOP_ANALYSIS = YES;
				CLANG_WARN_STRICT_PROTOTYPES = YES;
				CLANG_WARN_SUSPICIOUS_MOVE = YES;
				CLANG_WARN_UNGUARDED_AVAILABILITY = YES_AGGRESSIVE;
				CLANG_WARN_UNREACHABLE_CODE = YES;
				CLANG_WARN__DUPLICATE_METHOD_MATCH = YES;
				COPY_PHASE_STRIP = NO;
				DEBUG_INFORMATION_FORMAT = "dwarf-with-dsym";
				ENABLE_NS_ASSERTIONS = NO;
				ENABLE_STRICT_OBJC_MSGSEND = YES;
				GCC_C_LANGUAGE_STANDARD = gnu11;
				GCC_NO_COMMON_BLOCKS = YES;
				GCC_WARN_64_TO_32_BIT_CONVERSION = YES;
				GCC_WARN_ABOUT_RETURN_TYPE = YES_ERROR;
				GCC_WARN_UNDECLARED_SELECTOR = YES;
				GCC_WARN_UNINITIALIZED_AUTOS = YES_AGGRESSIVE;
				GCC_WARN_UNUSED_FUNCTION = YES;
				GCC_WARN_UNUSED_VARIABLE = YES;
				IPHONEOS_DEPLOYMENT_TARGET = 14.4;
				MTL_ENABLE_DEBUG_INFO = NO;
				MTL_FAST_MATH = YES;
				SDKROOT = iphoneos;
				SWIFT_COMPILATION_MODE = wholemodule;
				SWIFT_OPTIMIZATION_LEVEL = "-O";
				VALIDATE_PRODUCT = YES;
			};
			name = Release;
		};
		0870802A25C0836400C2F36F /* Debug */ = {
			isa = XCBuildConfiguration;
			buildSettings = {
				ASSETCATALOG_COMPILER_APPICON_NAME = AppIcon;
				ASSETCATALOG_COMPILER_GLOBAL_ACCENT_COLOR_NAME = AccentColor;
				CODE_SIGN_STYLE = Automatic;
				INFOPLIST_FILE = coinflip/Info.plist;
				LD_RUNPATH_SEARCH_PATHS = (
					"$(inherited)",
					"@executable_path/Frameworks",
				);
				PRODUCT_BUNDLE_IDENTIFIER = com.gilbert.coinflip;
				PRODUCT_NAME = "$(TARGET_NAME)";
				SWIFT_VERSION = 5.0;
				TARGETED_DEVICE_FAMILY = "1,2";
			};
			name = Debug;
		};
		0870802B25C0836400C2F36F /* Release */ = {
			isa = XCBuildConfiguration;
			buildSettings = {
				ASSETCATALOG_COMPILER_APPICON_NAME = AppIcon;
				ASSETCATALOG_COMPILER_GLOBAL_ACCENT_COLOR_NAME = AccentColor;
				CODE_SIGN_STYLE = Automatic;
				INFOPLIST_FILE = coinflip/Info.plist;
				LD_RUNPATH_SEARCH_PATHS = (
					"$(inherited)",
					"@executable_path/Frameworks",
				);
				PRODUCT_BUNDLE_IDENTIFIER = com.gilbert.coinflip;
				PRODUCT_NAME = "$(TARGET_NAME)";
				SWIFT_VERSION = 5.0;
				TARGETED_DEVICE_FAMILY = "1,2";
			};
			name = Release;
		};
		0870802D25C0836400C2F36F /* Debug */ = {
			isa = XCBuildConfiguration;
			buildSettings = {
				ALWAYS_EMBED_SWIFT_STANDARD_LIBRARIES = YES;
				BUNDLE_LOADER = "$(TEST_HOST)";
				CODE_SIGN_STYLE = Automatic;
				INFOPLIST_FILE = coinflipTests/Info.plist;
				IPHONEOS_DEPLOYMENT_TARGET = 14.4;
				LD_RUNPATH_SEARCH_PATHS = (
					"$(inherited)",
					"@executable_path/Frameworks",
					"@loader_path/Frameworks",
				);
				PRODUCT_BUNDLE_IDENTIFIER = com.gilbert.coinflipTests;
				PRODUCT_NAME = "$(TARGET_NAME)";
				SWIFT_VERSION = 5.0;
				TARGETED_DEVICE_FAMILY = "1,2";
				TEST_HOST = "$(BUILT_PRODUCTS_DIR)/coinflip.app/coinflip";
			};
			name = Debug;
		};
		0870802E25C0836400C2F36F /* Release */ = {
			isa = XCBuildConfiguration;
			buildSettings = {
				ALWAYS_EMBED_SWIFT_STANDARD_LIBRARIES = YES;
				BUNDLE_LOADER = "$(TEST_HOST)";
				CODE_SIGN_STYLE = Automatic;
				INFOPLIST_FILE = coinflipTests/Info.plist;
				IPHONEOS_DEPLOYMENT_TARGET = 14.4;
				LD_RUNPATH_SEARCH_PATHS = (
					"$(inherited)",
					"@executable_path/Frameworks",
					"@loader_path/Frameworks",
				);
				PRODUCT_BUNDLE_IDENTIFIER = com.gilbert.coinflipTests;
				PRODUCT_NAME = "$(TARGET_NAME)";
				SWIFT_VERSION = 5.0;
				TARGETED_DEVICE_FAMILY = "1,2";
				TEST_HOST = "$(BUILT_PRODUCTS_DIR)/coinflip.app/coinflip";
			};
			name = Release;
		};
		0870803025C0836400C2F36F /* Debug */ = {
			isa = XCBuildConfiguration;
			buildSettings = {
				ALWAYS_EMBED_SWIFT_STANDARD_LIBRARIES = YES;
				CODE_SIGN_STYLE = Automatic;
				INFOPLIST_FILE = coinflipUITests/Info.plist;
				LD_RUNPATH_SEARCH_PATHS = (
					"$(inherited)",
					"@executable_path/Frameworks",
					"@loader_path/Frameworks",
				);
				PRODUCT_BUNDLE_IDENTIFIER = com.gilbert.coinflipUITests;
				PRODUCT_NAME = "$(TARGET_NAME)";
				SWIFT_VERSION = 5.0;
				TARGETED_DEVICE_FAMILY = "1,2";
				TEST_TARGET_NAME = coinflip;
			};
			name = Debug;
		};
		0870803125C0836400C2F36F /* Release */ = {
			isa = XCBuildConfiguration;
			buildSettings = {
				ALWAYS_EMBED_SWIFT_STANDARD_LIBRARIES = YES;
				CODE_SIGN_STYLE = Automatic;
				INFOPLIST_FILE = coinflipUITests/Info.plist;
				LD_RUNPATH_SEARCH_PATHS = (
					"$(inherited)",
					"@executable_path/Frameworks",
					"@loader_path/Frameworks",
				);
				PRODUCT_BUNDLE_IDENTIFIER = com.gilbert.coinflipUITests;
				PRODUCT_NAME = "$(TARGET_NAME)";
				SWIFT_VERSION = 5.0;
				TARGETED_DEVICE_FAMILY = "1,2";
				TEST_TARGET_NAME = coinflip;
			};
			name = Release;
		};
/* End XCBuildConfiguration section */

/* Begin XCConfigurationList section */
		08707FFA25C0836100C2F36F /* Build configuration list for PBXProject "coinflip" */ = {
			isa = XCConfigurationList;
			buildConfigurations = (
				0870802725C0836400C2F36F /* Debug */,
				0870802825C0836400C2F36F /* Release */,
			);
			defaultConfigurationIsVisible = 0;
			defaultConfigurationName = Release;
		};
		0870802925C0836400C2F36F /* Build configuration list for PBXNativeTarget "coinflip" */ = {
			isa = XCConfigurationList;
			buildConfigurations = (
				0870802A25C0836400C2F36F /* Debug */,
				0870802B25C0836400C2F36F /* Release */,
			);
			defaultConfigurationIsVisible = 0;
			defaultConfigurationName = Release;
		};
		0870802C25C0836400C2F36F /* Build configuration list for PBXNativeTarget "coinflipTests" */ = {
			isa = XCConfigurationList;
			buildConfigurations = (
				0870802D25C0836400C2F36F /* Debug */,
				0870802E25C0836400C2F36F /* Release */,
			);
			defaultConfigurationIsVisible = 0;
			defaultConfigurationName = Release;
		};
		0870802F25C0836400C2F36F /* Build configuration list for PBXNativeTarget "coinflipUITests" */ = {
			isa = XCConfigurationList;
			buildConfigurations = (
				0870803025C0836400C2F36F /* Debug */,
				0870803125C0836400C2F36F /* Release */,
			);
			defaultConfigurationIsVisible = 0;
			defaultConfigurationName = Release;
		};
/* End XCConfigurationList section */
	};
	rootObject = 08707FF725C0836100C2F36F /* Project object */;
}
